<?xml version="1.0" encoding="utf-8"?>
<Project ToolsVersion="4.0" xmlns="http://schemas.microsoft.com/developer/msbuild/2003">
  <ItemGroup>
    <ClInclude Include="Core.h" />
    <ClInclude Include="Geometry\Geometry.h">
      <Filter>Geometry</Filter>
    </ClInclude>
    <ClInclude Include="Geometry\Geometry.hpp">
      <Filter>Geometry</Filter>
    </ClInclude>
    <ClInclude Include="Geometry\Normal.h">
      <Filter>Geometry</Filter>
    </ClInclude>
    <ClInclude Include="Geometry\Ray.h">
      <Filter>Geometry</Filter>
    </ClInclude>
    <ClInclude Include="Geometry\BoundingBox.h">
      <Filter>Geometry</Filter>
    </ClInclude>
    <ClInclude Include="Geometry\Math.hpp">
      <Filter>Geometry</Filter>
    </ClInclude>
    <ClInclude Include="Geometry\Math.h">
      <Filter>Geometry</Filter>
    </ClInclude>
    <ClInclude Include="Geometry\Matrix.h">
      <Filter>Geometry</Filter>
    </ClInclude>
    <ClInclude Include="Geometry\Transform.h">
      <Filter>Geometry</Filter>
    </ClInclude>
    <ClInclude Include="Geometry\Quaternion\Quaternionf128.h">
      <Filter>Geometry\Quaternion</Filter>
    </ClInclude>
    <ClInclude Include="Geometry\Quaternion\Quaternion4f.h">
      <Filter>Geometry\Quaternion</Filter>
    </ClInclude>
    <ClInclude Include="Geometry\Point\Point4f.h">
      <Filter>Geometry\Point</Filter>
    </ClInclude>
    <ClInclude Include="Geometry\Point\Pointf128.h">
      <Filter>Geometry\Point</Filter>
    </ClInclude>
    <ClInclude Include="Geometry\Vector\Vector4f.h">
      <Filter>Geometry\Vector</Filter>
    </ClInclude>
    <ClInclude Include="Geometry\Vector\Vectorf128.h">
      <Filter>Geometry\Vector</Filter>
    </ClInclude>
    <ClInclude Include="Geometry\Point.h">
      <Filter>Geometry</Filter>
    </ClInclude>
    <ClInclude Include="Geometry\Quaternion.h">
      <Filter>Geometry</Filter>
    </ClInclude>
    <ClInclude Include="Geometry\Vector.h">
      <Filter>Geometry</Filter>
    </ClInclude>
  </ItemGroup>
  <ItemGroup>
    <Filter Include="Geometry">
      <UniqueIdentifier>{1ebe59e9-c773-412b-849c-345304cde57b}</UniqueIdentifier>
    </Filter>
    <Filter Include="Geometry\Vector">
      <UniqueIdentifier>{2aa37d1a-0a8f-45e5-a79d-f75754727ada}</UniqueIdentifier>
    </Filter>
    <Filter Include="Geometry\Point">
      <UniqueIdentifier>{168267ba-6d18-4670-be9b-d2d465094bb8}</UniqueIdentifier>
    </Filter>
    <Filter Include="Geometry\Quaternion">
      <UniqueIdentifier>{6344597d-5b7d-4bfa-aac7-1756186443d3}</UniqueIdentifier>
    </Filter>
  </ItemGroup>
  <ItemGroup>
    <ClCompile Include="Core.cpp" />
    <ClCompile Include="Geometry\Geometry.cpp">
      <Filter>Geometry</Filter>
    </ClCompile>
    <ClCompile Include="Geometry\Normal.cpp">
      <Filter>Geometry</Filter>
    </ClCompile>
    <ClCompile Include="Geometry\Ray.cpp">
      <Filter>Geometry</Filter>
    </ClCompile>
    <ClCompile Include="Geometry\BoundingBox.cpp">
      <Filter>Geometry</Filter>
    </ClCompile>
    <ClCompile Include="Geometry\Matrix.cpp">
      <Filter>Geometry</Filter>
    </ClCompile>
    <ClCompile Include="Geometry\Transform.cpp">
      <Filter>Geometry</Filter>
    </ClCompile>
    <ClCompile Include="Geometry\Quaternion\Quaternionf128.cpp">
      <Filter>Geometry\Quaternion</Filter>
    </ClCompile>
    <ClCompile Include="Geometry\Quaternion\Quaternion4f.cpp">
      <Filter>Geometry\Quaternion</Filter>
    </ClCompile>
    <ClCompile Include="Geometry\Point\Pointf128.cpp">
      <Filter>Geometry\Point</Filter>
    </ClCompile>
    <ClCompile Include="Geometry\Point\Point4f.cpp">
      <Filter>Geometry\Point</Filter>
    </ClCompile>
    <ClCompile Include="Geometry\Vector\Vectorf128.cpp">
      <Filter>Geometry\Vector</Filter>
    </ClCompile>
    <ClCompile Include="Geometry\Vector\Vector4f.cpp">
      <Filter>Geometry\Vector</Filter>
    </ClCompile>
  </ItemGroup>
</Project>