<?xml version="1.0" encoding="utf-8"?>
<Project ToolsVersion="4.0" xmlns="http://schemas.microsoft.com/developer/msbuild/2003">
  <ItemGroup>
    <Filter Include="Core">
      <UniqueIdentifier>{1baf8adb-8058-48c4-9f56-eb300c6541d5}</UniqueIdentifier>
    </Filter>
    <Filter Include="RendererCore">
      <UniqueIdentifier>{b86fbea9-5dfb-4ad4-8673-86d9a39ad0b9}</UniqueIdentifier>
    </Filter>
  </ItemGroup>
  <ItemGroup>
    <ClCompile Include="Core\VectorTests.cpp">
      <Filter>Core</Filter>
    </ClCompile>
    <ClCompile Include="main.cpp" />
    <ClCompile Include="Core\PointTests.cpp">
      <Filter>Core</Filter>
    </ClCompile>
    <ClCompile Include="Core\MatrixTests.cpp">
      <Filter>Core</Filter>
    </ClCompile>
    <ClCompile Include="Core\GeometryTests.cpp">
      <Filter>Core</Filter>
    </ClCompile>
    <ClCompile Include="Core\TransformTests.cpp">
      <Filter>Core</Filter>
    </ClCompile>
    <ClCompile Include="ShapeTests.cpp">
      <Filter>RendererCore</Filter>
    </ClCompile>
  </ItemGroup>
</Project>