
Microsoft Visual Studio Solution File, Format Version 12.00
# Visual Studio 15
VisualStudioVersion = 15.0.26430.13
MinimumVisualStudioVersion = 10.0.40219.1
Project("{8BC9CEB8-8B4A-11D0-8D11-00A0C91BC942}") = "Snowgaze", "Snowgaze\Snowgaze.vcxproj", "{6AAA5F7D-CD70-4842-9C2C-45162D2BE831}"
EndProject
Project("{8BC9CEB8-8B4A-11D0-8D11-00A0C91BC942}") = "Core", "Core\Core.vcxproj", "{250DC085-5A0F-496F-8440-2CCF67DE6D9B}"
EndProject
Project("{8BC9CEB8-8B4A-11D0-8D11-00A0C91BC942}") = "Tests", "..\Tests\Tests.vcxproj", "{E1942DB2-8B45-4CF6-BEE0-DE960DA701E9}"
EndProject
Project("{8BC9CEB8-8B4A-11D0-8D11-00A0C91BC942}") = "RenderCore", "RenderCore\RenderCore.vcxproj", "{A298246F-5685-48F5-94FB-36FCA96B08D5}"
EndProject
Global
	GlobalSection(SolutionConfigurationPlatforms) = preSolution
		Debug|x64 = Debug|x64
		Debug|x86 = Debug|x86
		Release|x64 = Release|x64
		Release|x86 = Release|x86
		Tests|x64 = Tests|x64
		Tests|x86 = Tests|x86
	EndGlobalSection
	GlobalSection(ProjectConfigurationPlatforms) = postSolution
		{6AAA5F7D-CD70-4842-9C2C-45162D2BE831}.Debug|x64.ActiveCfg = Debug|x64
		{6AAA5F7D-CD70-4842-9C2C-45162D2BE831}.Debug|x64.Build.0 = Debug|x64
		{6AAA5F7D-CD70-4842-9C2C-45162D2BE831}.Debug|x86.ActiveCfg = Debug|Win32
		{6AAA5F7D-CD70-4842-9C2C-45162D2BE831}.Debug|x86.Build.0 = Debug|Win32
		{6AAA5F7D-CD70-4842-9C2C-45162D2BE831}.Release|x64.ActiveCfg = Release|x64
		{6AAA5F7D-CD70-4842-9C2C-45162D2BE831}.Release|x64.Build.0 = Release|x64
		{6AAA5F7D-CD70-4842-9C2C-45162D2BE831}.Release|x86.ActiveCfg = Release|Win32
		{6AAA5F7D-CD70-4842-9C2C-45162D2BE831}.Release|x86.Build.0 = Release|Win32
		{6AAA5F7D-CD70-4842-9C2C-45162D2BE831}.Tests|x64.ActiveCfg = Tests|x64
		{6AAA5F7D-CD70-4842-9C2C-45162D2BE831}.Tests|x86.ActiveCfg = Tests|Win32
		{6AAA5F7D-CD70-4842-9C2C-45162D2BE831}.Tests|x86.Build.0 = Tests|Win32
		{250DC085-5A0F-496F-8440-2CCF67DE6D9B}.Debug|x64.ActiveCfg = Debug|x64
		{250DC085-5A0F-496F-8440-2CCF67DE6D9B}.Debug|x64.Build.0 = Debug|x64
		{250DC085-5A0F-496F-8440-2CCF67DE6D9B}.Debug|x86.ActiveCfg = Debug|Win32
		{250DC085-5A0F-496F-8440-2CCF67DE6D9B}.Debug|x86.Build.0 = Debug|Win32
		{250DC085-5A0F-496F-8440-2CCF67DE6D9B}.Release|x64.ActiveCfg = Release|x64
		{250DC085-5A0F-496F-8440-2CCF67DE6D9B}.Release|x64.Build.0 = Release|x64
		{250DC085-5A0F-496F-8440-2CCF67DE6D9B}.Release|x86.ActiveCfg = Release|Win32
		{250DC085-5A0F-496F-8440-2CCF67DE6D9B}.Release|x86.Build.0 = Release|Win32
		{250DC085-5A0F-496F-8440-2CCF67DE6D9B}.Tests|x64.ActiveCfg = Tests|x64
		{250DC085-5A0F-496F-8440-2CCF67DE6D9B}.Tests|x64.Build.0 = Tests|x64
		{250DC085-5A0F-496F-8440-2CCF67DE6D9B}.Tests|x86.ActiveCfg = Tests|Win32
		{250DC085-5A0F-496F-8440-2CCF67DE6D9B}.Tests|x86.Build.0 = Tests|Win32
		{E1942DB2-8B45-4CF6-BEE0-DE960DA701E9}.Debug|x64.ActiveCfg = Debug|x64
		{E1942DB2-8B45-4CF6-BEE0-DE960DA701E9}.Debug|x86.ActiveCfg = Debug|Win32
		{E1942DB2-8B45-4CF6-BEE0-DE960DA701E9}.Debug|x86.Build.0 = Debug|Win32
		{E1942DB2-8B45-4CF6-BEE0-DE960DA701E9}.Release|x64.ActiveCfg = Release|x64
		{E1942DB2-8B45-4CF6-BEE0-DE960DA701E9}.Release|x86.ActiveCfg = Release|Win32
		{E1942DB2-8B45-4CF6-BEE0-DE960DA701E9}.Release|x86.Build.0 = Release|Win32
		{E1942DB2-8B45-4CF6-BEE0-DE960DA701E9}.Tests|x64.ActiveCfg = Tests|x64
		{E1942DB2-8B45-4CF6-BEE0-DE960DA701E9}.Tests|x64.Build.0 = Tests|x64
		{E1942DB2-8B45-4CF6-BEE0-DE960DA701E9}.Tests|x86.ActiveCfg = Tests|Win32
		{A298246F-5685-48F5-94FB-36FCA96B08D5}.Debug|x64.ActiveCfg = Debug|x64
		{A298246F-5685-48F5-94FB-36FCA96B08D5}.Debug|x64.Build.0 = Debug|x64
		{A298246F-5685-48F5-94FB-36FCA96B08D5}.Debug|x86.ActiveCfg = Debug|Win32
		{A298246F-5685-48F5-94FB-36FCA96B08D5}.Debug|x86.Build.0 = Debug|Win32
		{A298246F-5685-48F5-94FB-36FCA96B08D5}.Release|x64.ActiveCfg = Release|x64
		{A298246F-5685-48F5-94FB-36FCA96B08D5}.Release|x64.Build.0 = Release|x64
		{A298246F-5685-48F5-94FB-36FCA96B08D5}.Release|x86.ActiveCfg = Release|Win32
		{A298246F-5685-48F5-94FB-36FCA96B08D5}.Release|x86.Build.0 = Release|Win32
		{A298246F-5685-48F5-94FB-36FCA96B08D5}.Tests|x64.ActiveCfg = Tests|x64
		{A298246F-5685-48F5-94FB-36FCA96B08D5}.Tests|x64.Build.0 = Tests|x64
		{A298246F-5685-48F5-94FB-36FCA96B08D5}.Tests|x86.ActiveCfg = Release|Win32
		{A298246F-5685-48F5-94FB-36FCA96B08D5}.Tests|x86.Build.0 = Release|Win32
	EndGlobalSection
	GlobalSection(SolutionProperties) = preSolution
		HideSolutionNode = FALSE
	EndGlobalSection
	GlobalSection(ExtensibilityGlobals) = postSolution
		SolutionGuid = {300DB1BF-2DBF-4B15-B5FA-DBDAA2AD531B}
	EndGlobalSection
EndGlobal
